
Microsoft Visual Studio Solution File, Format Version 12.00
# Visual Studio Version 17
VisualStudioVersion = 17.14.36518.9
MinimumVisualStudioVersion = 10.0.40219.1
Project("{FAE04EC0-301F-11D3-BF4B-00C04F79EFBC}") = "firstProject", "firstProject\firstProject.csproj", "{7283F8CD-D08B-4C02-AF68-BA17C8FE5AB6}"
EndProject
Project("{FAE04EC0-301F-11D3-BF4B-00C04F79EFBC}") = "02_project", "02_project\02_project.csproj", "{34D5C4F7-4B3F-4591-A56C-9EB01B4BEBAE}"
EndProject
Project("{FAE04EC0-301F-11D3-BF4B-00C04F79EFBC}") = "null_and_nullable", "null_and_nullable\null_and_nullable.csproj", "{9DB050BA-5316-4564-B64D-EE37BC34232D}"
EndProject
Project("{FAE04EC0-301F-11D3-BF4B-00C04F79EFBC}") = "programming", "programming\programming.csproj", "{D2FAF5EB-F2FE-4BAD-9A14-75DC958F758F}"
EndProject
Project("{FAE04EC0-301F-11D3-BF4B-00C04F79EFBC}") = "data_types", "data_types\data_types.csproj", "{663029B3-42BB-4E77-82FF-383337180A7B}"
EndProject
Project("{FAE04EC0-301F-11D3-BF4B-00C04F79EFBC}") = "arrays_and_loops", "arrays_and_loops\arrays_and_loops.csproj", "{C48EEFCC-B951-463F-BEAF-18480AB43226}"
EndProject
Project("{FAE04EC0-301F-11D3-BF4B-00C04F79EFBC}") = "array", "array\array.csproj", "{D841404A-4A31-4E97-A42A-49041781A962}"
EndProject
Project("{FAE04EC0-301F-11D3-BF4B-00C04F79EFBC}") = "students_app", "students_app\students_app.csproj", "{0C136BD1-5FA3-41F2-A0F6-065608B4B074}"
EndProject
Global
	GlobalSection(SolutionConfigurationPlatforms) = preSolution
		Debug|Any CPU = Debug|Any CPU
		Release|Any CPU = Release|Any CPU
	EndGlobalSection
	GlobalSection(ProjectConfigurationPlatforms) = postSolution
		{7283F8CD-D08B-4C02-AF68-BA17C8FE5AB6}.Debug|Any CPU.ActiveCfg = Debug|Any CPU
		{7283F8CD-D08B-4C02-AF68-BA17C8FE5AB6}.Debug|Any CPU.Build.0 = Debug|Any CPU
		{7283F8CD-D08B-4C02-AF68-BA17C8FE5AB6}.Release|Any CPU.ActiveCfg = Release|Any CPU
		{7283F8CD-D08B-4C02-AF68-BA17C8FE5AB6}.Release|Any CPU.Build.0 = Release|Any CPU
		{34D5C4F7-4B3F-4591-A56C-9EB01B4BEBAE}.Debug|Any CPU.ActiveCfg = Debug|Any CPU
		{34D5C4F7-4B3F-4591-A56C-9EB01B4BEBAE}.Debug|Any CPU.Build.0 = Debug|Any CPU
		{34D5C4F7-4B3F-4591-A56C-9EB01B4BEBAE}.Release|Any CPU.ActiveCfg = Release|Any CPU
		{34D5C4F7-4B3F-4591-A56C-9EB01B4BEBAE}.Release|Any CPU.Build.0 = Release|Any CPU
		{9DB050BA-5316-4564-B64D-EE37BC34232D}.Debug|Any CPU.ActiveCfg = Debug|Any CPU
		{9DB050BA-5316-4564-B64D-EE37BC34232D}.Debug|Any CPU.Build.0 = Debug|Any CPU
		{9DB050BA-5316-4564-B64D-EE37BC34232D}.Release|Any CPU.ActiveCfg = Release|Any CPU
		{9DB050BA-5316-4564-B64D-EE37BC34232D}.Release|Any CPU.Build.0 = Release|Any CPU
		{D2FAF5EB-F2FE-4BAD-9A14-75DC958F758F}.Debug|Any CPU.ActiveCfg = Debug|Any CPU
		{D2FAF5EB-F2FE-4BAD-9A14-75DC958F758F}.Debug|Any CPU.Build.0 = Debug|Any CPU
		{D2FAF5EB-F2FE-4BAD-9A14-75DC958F758F}.Release|Any CPU.ActiveCfg = Release|Any CPU
		{D2FAF5EB-F2FE-4BAD-9A14-75DC958F758F}.Release|Any CPU.Build.0 = Release|Any CPU
		{663029B3-42BB-4E77-82FF-383337180A7B}.Debug|Any CPU.ActiveCfg = Debug|Any CPU
		{663029B3-42BB-4E77-82FF-383337180A7B}.Debug|Any CPU.Build.0 = Debug|Any CPU
		{663029B3-42BB-4E77-82FF-383337180A7B}.Release|Any CPU.ActiveCfg = Release|Any CPU
		{663029B3-42BB-4E77-82FF-383337180A7B}.Release|Any CPU.Build.0 = Release|Any CPU
		{C48EEFCC-B951-463F-BEAF-18480AB43226}.Debug|Any CPU.ActiveCfg = Debug|Any CPU
		{C48EEFCC-B951-463F-BEAF-18480AB43226}.Debug|Any CPU.Build.0 = Debug|Any CPU
		{C48EEFCC-B951-463F-BEAF-18480AB43226}.Release|Any CPU.ActiveCfg = Release|Any CPU
		{C48EEFCC-B951-463F-BEAF-18480AB43226}.Release|Any CPU.Build.0 = Release|Any CPU
		{D841404A-4A31-4E97-A42A-49041781A962}.Debug|Any CPU.ActiveCfg = Debug|Any CPU
		{D841404A-4A31-4E97-A42A-49041781A962}.Debug|Any CPU.Build.0 = Debug|Any CPU
		{D841404A-4A31-4E97-A42A-49041781A962}.Release|Any CPU.ActiveCfg = Release|Any CPU
		{D841404A-4A31-4E97-A42A-49041781A962}.Release|Any CPU.Build.0 = Release|Any CPU
		{0C136BD1-5FA3-41F2-A0F6-065608B4B074}.Debug|Any CPU.ActiveCfg = Debug|Any CPU
		{0C136BD1-5FA3-41F2-A0F6-065608B4B074}.Debug|Any CPU.Build.0 = Debug|Any CPU
		{0C136BD1-5FA3-41F2-A0F6-065608B4B074}.Release|Any CPU.ActiveCfg = Release|Any CPU
		{0C136BD1-5FA3-41F2-A0F6-065608B4B074}.Release|Any CPU.Build.0 = Release|Any CPU
	EndGlobalSection
	GlobalSection(SolutionProperties) = preSolution
		HideSolutionNode = FALSE
	EndGlobalSection
	GlobalSection(ExtensibilityGlobals) = postSolution
		SolutionGuid = {08A69416-7CBB-433A-91B4-A0AEE0998D1E}
	EndGlobalSection
EndGlobal
