
Microsoft Visual Studio Solution File, Format Version 12.00
# Visual Studio Version 17
VisualStudioVersion = 17.14.36518.9 d17.14
MinimumVisualStudioVersion = 10.0.40219.1
Project("{FAE04EC0-301F-11D3-BF4B-00C04F79EFBC}") = "firstProject", "firstProject\firstProject.csproj", "{7283F8CD-D08B-4C02-AF68-BA17C8FE5AB6}"
EndProject
Project("{FAE04EC0-301F-11D3-BF4B-00C04F79EFBC}") = "02_project", "02_project\02_project.csproj", "{34D5C4F7-4B3F-4591-A56C-9EB01B4BEBAE}"
EndProject
Global
	GlobalSection(SolutionConfigurationPlatforms) = preSolution
		Debug|Any CPU = Debug|Any CPU
		Release|Any CPU = Release|Any CPU
	EndGlobalSection
	GlobalSection(ProjectConfigurationPlatforms) = postSolution
		{7283F8CD-D08B-4C02-AF68-BA17C8FE5AB6}.Debug|Any CPU.ActiveCfg = Debug|Any CPU
		{7283F8CD-D08B-4C02-AF68-BA17C8FE5AB6}.Debug|Any CPU.Build.0 = Debug|Any CPU
		{7283F8CD-D08B-4C02-AF68-BA17C8FE5AB6}.Release|Any CPU.ActiveCfg = Release|Any CPU
		{7283F8CD-D08B-4C02-AF68-BA17C8FE5AB6}.Release|Any CPU.Build.0 = Release|Any CPU
		{34D5C4F7-4B3F-4591-A56C-9EB01B4BEBAE}.Debug|Any CPU.ActiveCfg = Debug|Any CPU
		{34D5C4F7-4B3F-4591-A56C-9EB01B4BEBAE}.Debug|Any CPU.Build.0 = Debug|Any CPU
		{34D5C4F7-4B3F-4591-A56C-9EB01B4BEBAE}.Release|Any CPU.ActiveCfg = Release|Any CPU
		{34D5C4F7-4B3F-4591-A56C-9EB01B4BEBAE}.Release|Any CPU.Build.0 = Release|Any CPU
	EndGlobalSection
	GlobalSection(SolutionProperties) = preSolution
		HideSolutionNode = FALSE
	EndGlobalSection
	GlobalSection(ExtensibilityGlobals) = postSolution
		SolutionGuid = {08A69416-7CBB-433A-91B4-A0AEE0998D1E}
	EndGlobalSection
EndGlobal
